
Microsoft Visual Studio Solution File, Format Version 12.00
# Visual Studio Version 16
VisualStudioVersion = 16.0.30804.86
MinimumVisualStudioVersion = 10.0.40219.1
Project("{FAE04EC0-301F-11D3-BF4B-00C04F79EFBC}") = "SettlementBoardGame", "SettlementBoardGame\SettlementBoardGame.csproj", "{393EB058-C2B1-45E6-AEB9-C0E6B5194AC6}"
EndProject
Global
	GlobalSection(SolutionConfigurationPlatforms) = preSolution
		Debug|Any CPU = Debug|Any CPU
		Release|Any CPU = Release|Any CPU
	EndGlobalSection
	GlobalSection(ProjectConfigurationPlatforms) = postSolution
		{393EB058-C2B1-45E6-AEB9-C0E6B5194AC6}.Debug|Any CPU.ActiveCfg = Debug|Any CPU
		{393EB058-C2B1-45E6-AEB9-C0E6B5194AC6}.Debug|Any CPU.Build.0 = Debug|Any CPU
		{393EB058-C2B1-45E6-AEB9-C0E6B5194AC6}.Release|Any CPU.ActiveCfg = Release|Any CPU
		{393EB058-C2B1-45E6-AEB9-C0E6B5194AC6}.Release|Any CPU.Build.0 = Release|Any CPU
	EndGlobalSection
	GlobalSection(SolutionProperties) = preSolution
		HideSolutionNode = FALSE
	EndGlobalSection
	GlobalSection(ExtensibilityGlobals) = postSolution
		SolutionGuid = {81A9536D-D63A-4536-8B8D-097BC06E46E3}
	EndGlobalSection
EndGlobal
